
Microsoft Visual Studio Solution File, Format Version 12.00
# Visual Studio Version 17
VisualStudioVersion = 17.14.36119.2 d17.14
MinimumVisualStudioVersion = 10.0.40219.1
Project("{FAE04EC0-301F-11D3-BF4B-00C04F79EFBC}") = "Api", "Api\Api.csproj", "{351400F8-F235-40DB-89EE-FAC0D03191C1}"
EndProject
Project("{FAE04EC0-301F-11D3-BF4B-00C04F79EFBC}") = "Domain", "Domain\Domain.csproj", "{89E2859E-5A4A-4C43-ABD9-79E13008093F}"
EndProject
Project("{FAE04EC0-301F-11D3-BF4B-00C04F79EFBC}") = "Application", "Application\Application.csproj", "{868DC64C-ED8F-4A5C-B7CD-E1D5DC012C55}"
EndProject
Project("{FAE04EC0-301F-11D3-BF4B-00C04F79EFBC}") = "Infrastructure", "Infrastructure\Infrastructure.csproj", "{F13CB757-3E6F-4E20-8B94-B3F0709B1667}"
EndProject
Project("{FAE04EC0-301F-11D3-BF4B-00C04F79EFBC}") = "Tests", "Tests\Tests.csproj", "{84963DA8-DA76-4B3C-8DE7-1FDB2C3BFC2A}"
EndProject
Global
	GlobalSection(SolutionConfigurationPlatforms) = preSolution
		Debug|Any CPU = Debug|Any CPU
		Release|Any CPU = Release|Any CPU
	EndGlobalSection
	GlobalSection(ProjectConfigurationPlatforms) = postSolution
		{351400F8-F235-40DB-89EE-FAC0D03191C1}.Debug|Any CPU.ActiveCfg = Debug|Any CPU
		{351400F8-F235-40DB-89EE-FAC0D03191C1}.Debug|Any CPU.Build.0 = Debug|Any CPU
		{351400F8-F235-40DB-89EE-FAC0D03191C1}.Release|Any CPU.ActiveCfg = Release|Any CPU
		{351400F8-F235-40DB-89EE-FAC0D03191C1}.Release|Any CPU.Build.0 = Release|Any CPU
		{89E2859E-5A4A-4C43-ABD9-79E13008093F}.Debug|Any CPU.ActiveCfg = Debug|Any CPU
		{89E2859E-5A4A-4C43-ABD9-79E13008093F}.Debug|Any CPU.Build.0 = Debug|Any CPU
		{89E2859E-5A4A-4C43-ABD9-79E13008093F}.Release|Any CPU.ActiveCfg = Release|Any CPU
		{89E2859E-5A4A-4C43-ABD9-79E13008093F}.Release|Any CPU.Build.0 = Release|Any CPU
		{868DC64C-ED8F-4A5C-B7CD-E1D5DC012C55}.Debug|Any CPU.ActiveCfg = Debug|Any CPU
		{868DC64C-ED8F-4A5C-B7CD-E1D5DC012C55}.Debug|Any CPU.Build.0 = Debug|Any CPU
		{868DC64C-ED8F-4A5C-B7CD-E1D5DC012C55}.Release|Any CPU.ActiveCfg = Release|Any CPU
		{868DC64C-ED8F-4A5C-B7CD-E1D5DC012C55}.Release|Any CPU.Build.0 = Release|Any CPU
		{F13CB757-3E6F-4E20-8B94-B3F0709B1667}.Debug|Any CPU.ActiveCfg = Debug|Any CPU
		{F13CB757-3E6F-4E20-8B94-B3F0709B1667}.Debug|Any CPU.Build.0 = Debug|Any CPU
		{F13CB757-3E6F-4E20-8B94-B3F0709B1667}.Release|Any CPU.ActiveCfg = Release|Any CPU
		{F13CB757-3E6F-4E20-8B94-B3F0709B1667}.Release|Any CPU.Build.0 = Release|Any CPU
		{84963DA8-DA76-4B3C-8DE7-1FDB2C3BFC2A}.Debug|Any CPU.ActiveCfg = Debug|Any CPU
		{84963DA8-DA76-4B3C-8DE7-1FDB2C3BFC2A}.Debug|Any CPU.Build.0 = Debug|Any CPU
		{84963DA8-DA76-4B3C-8DE7-1FDB2C3BFC2A}.Release|Any CPU.ActiveCfg = Release|Any CPU
		{84963DA8-DA76-4B3C-8DE7-1FDB2C3BFC2A}.Release|Any CPU.Build.0 = Release|Any CPU
	EndGlobalSection
	GlobalSection(SolutionProperties) = preSolution
		HideSolutionNode = FALSE
	EndGlobalSection
	GlobalSection(ExtensibilityGlobals) = postSolution
		SolutionGuid = {C90DFFA8-3E93-4222-813D-D5551450FFFF}
	EndGlobalSection
EndGlobal
